// !$*UTF8*$!
{
	archiveVersion = 1;
	classes = {
	};
	objectVersion = 51;
	objects = {

/* Begin PBXBuildFile section */
		551A682F25445ADC00B6C842 /* Models.scnassets in Resources */ = {isa = PBXBuildFile; fileRef = 551A682E25445ADC00B6C842 /* Models.scnassets */; };
		556BCFD92543C31F0068AD28 /* BaseGateway.swift in Sources */ = {isa = PBXBuildFile; fileRef = 556BCFD82543C31F0068AD28 /* BaseGateway.swift */; };
		556BCFDC2543C3280068AD28 /* CustomError.swift in Sources */ = {isa = PBXBuildFile; fileRef = 556BCFDB2543C3280068AD28 /* CustomError.swift */; };
		55B5734F2543B63E00EE25CB /* AppDelegate.swift in Sources */ = {isa = PBXBuildFile; fileRef = 55B5734E2543B63E00EE25CB /* AppDelegate.swift */; };
		55B573512543B63E00EE25CB /* ARViewController.swift in Sources */ = {isa = PBXBuildFile; fileRef = 55B573502543B63E00EE25CB /* ARViewController.swift */; };
		55B573532543B63E00EE25CB /* Experience.rcproject in Sources */ = {isa = PBXBuildFile; fileRef = 55B573522543B63E00EE25CB /* Experience.rcproject */; };
		55B573562543B63E00EE25CB /* Main.storyboard in Resources */ = {isa = PBXBuildFile; fileRef = 55B573542543B63E00EE25CB /* Main.storyboard */; };
		55B573582543B64200EE25CB /* Assets.xcassets in Resources */ = {isa = PBXBuildFile; fileRef = 55B573572543B64200EE25CB /* Assets.xcassets */; };
		55B5735B2543B64200EE25CB /* LaunchScreen.storyboard in Resources */ = {isa = PBXBuildFile; fileRef = 55B573592543B64200EE25CB /* LaunchScreen.storyboard */; };
		55BA08C32543D50000A4D5FB /* CatalogViewController.swift in Sources */ = {isa = PBXBuildFile; fileRef = 55BA08C22543D50000A4D5FB /* CatalogViewController.swift */; };
		55BA08C92543D58100A4D5FB /* ProductItem.swift in Sources */ = {isa = PBXBuildFile; fileRef = 55BA08C82543D58100A4D5FB /* ProductItem.swift */; };
		55BA08CD2543D59C00A4D5FB /* CatalogPresenter.swift in Sources */ = {isa = PBXBuildFile; fileRef = 55BA08CC2543D59C00A4D5FB /* CatalogPresenter.swift */; };
		55BA08D02543D5BD00A4D5FB /* CatalogCollectionViewCell.swift in Sources */ = {isa = PBXBuildFile; fileRef = 55BA08CF2543D5BD00A4D5FB /* CatalogCollectionViewCell.swift */; };
		55BA08DA2543E34F00A4D5FB /* CatalogCollectionViewManager.swift in Sources */ = {isa = PBXBuildFile; fileRef = 55BA08D92543E34F00A4D5FB /* CatalogCollectionViewManager.swift */; };
		55BA09062544082E00A4D5FB /* ProductCardViewController.swift in Sources */ = {isa = PBXBuildFile; fileRef = 55BA09052544082E00A4D5FB /* ProductCardViewController.swift */; };
		55BA090A2544089C00A4D5FB /* ProductCardItem.swift in Sources */ = {isa = PBXBuildFile; fileRef = 55BA09092544089C00A4D5FB /* ProductCardItem.swift */; };
		55BA090D254408AD00A4D5FB /* ProductCardPresenter.swift in Sources */ = {isa = PBXBuildFile; fileRef = 55BA090C254408AD00A4D5FB /* ProductCardPresenter.swift */; };
		55F0706D25446B4B0028AF44 /* VirtualObjectARView.swift in Sources */ = {isa = PBXBuildFile; fileRef = 55F0706C25446B4B0028AF44 /* VirtualObjectARView.swift */; };
		55F0707225446B850028AF44 /* VirtualObjectLoader.swift in Sources */ = {isa = PBXBuildFile; fileRef = 55F0707025446B850028AF44 /* VirtualObjectLoader.swift */; };
		55F0707325446B850028AF44 /* VirtualObject.swift in Sources */ = {isa = PBXBuildFile; fileRef = 55F0707125446B850028AF44 /* VirtualObject.swift */; };
		55F0707725446BD60028AF44 /* Utilities.swift in Sources */ = {isa = PBXBuildFile; fileRef = 55F0707625446BD60028AF44 /* Utilities.swift */; };
		6F349572D86469A27ADB293E /* Pods_MarsIOS.framework in Frameworks */ = {isa = PBXBuildFile; fileRef = D5FAC93E1C0D0038F6B0D5E7 /* Pods_MarsIOS.framework */; };
/* End PBXBuildFile section */

/* Begin PBXFileReference section */
		551A682E25445ADC00B6C842 /* Models.scnassets */ = {isa = PBXFileReference; lastKnownFileType = wrapper.scnassets; path = Models.scnassets; sourceTree = "<group>"; };
		556BCFD82543C31F0068AD28 /* BaseGateway.swift */ = {isa = PBXFileReference; fileEncoding = 4; lastKnownFileType = sourcecode.swift; path = BaseGateway.swift; sourceTree = "<group>"; };
		556BCFDB2543C3280068AD28 /* CustomError.swift */ = {isa = PBXFileReference; fileEncoding = 4; lastKnownFileType = sourcecode.swift; path = CustomError.swift; sourceTree = "<group>"; };
		55B5734B2543B63E00EE25CB /* MarsIOS.app */ = {isa = PBXFileReference; explicitFileType = wrapper.application; includeInIndex = 0; path = MarsIOS.app; sourceTree = BUILT_PRODUCTS_DIR; };
		55B5734E2543B63E00EE25CB /* AppDelegate.swift */ = {isa = PBXFileReference; lastKnownFileType = sourcecode.swift; path = AppDelegate.swift; sourceTree = "<group>"; };
		55B573502543B63E00EE25CB /* ARViewController.swift */ = {isa = PBXFileReference; lastKnownFileType = sourcecode.swift; path = ARViewController.swift; sourceTree = "<group>"; };
		55B573522543B63E00EE25CB /* Experience.rcproject */ = {isa = PBXFileReference; lastKnownFileType = file.rcproject; path = Experience.rcproject; sourceTree = "<group>"; };
		55B573552543B63E00EE25CB /* Base */ = {isa = PBXFileReference; lastKnownFileType = file.storyboard; name = Base; path = Base.lproj/Main.storyboard; sourceTree = "<group>"; };
		55B573572543B64200EE25CB /* Assets.xcassets */ = {isa = PBXFileReference; lastKnownFileType = folder.assetcatalog; path = Assets.xcassets; sourceTree = "<group>"; };
		55B5735A2543B64200EE25CB /* Base */ = {isa = PBXFileReference; lastKnownFileType = file.storyboard; name = Base; path = Base.lproj/LaunchScreen.storyboard; sourceTree = "<group>"; };
		55B5735C2543B64200EE25CB /* Info.plist */ = {isa = PBXFileReference; lastKnownFileType = text.plist.xml; path = Info.plist; sourceTree = "<group>"; };
		55BA08C22543D50000A4D5FB /* CatalogViewController.swift */ = {isa = PBXFileReference; lastKnownFileType = sourcecode.swift; path = CatalogViewController.swift; sourceTree = "<group>"; };
		55BA08C82543D58100A4D5FB /* ProductItem.swift */ = {isa = PBXFileReference; lastKnownFileType = sourcecode.swift; path = ProductItem.swift; sourceTree = "<group>"; };
		55BA08CC2543D59C00A4D5FB /* CatalogPresenter.swift */ = {isa = PBXFileReference; lastKnownFileType = sourcecode.swift; path = CatalogPresenter.swift; sourceTree = "<group>"; };
		55BA08CF2543D5BD00A4D5FB /* CatalogCollectionViewCell.swift */ = {isa = PBXFileReference; lastKnownFileType = sourcecode.swift; path = CatalogCollectionViewCell.swift; sourceTree = "<group>"; };
		55BA08D92543E34F00A4D5FB /* CatalogCollectionViewManager.swift */ = {isa = PBXFileReference; lastKnownFileType = sourcecode.swift; path = CatalogCollectionViewManager.swift; sourceTree = "<group>"; };
		55BA09052544082E00A4D5FB /* ProductCardViewController.swift */ = {isa = PBXFileReference; lastKnownFileType = sourcecode.swift; path = ProductCardViewController.swift; sourceTree = "<group>"; };
		55BA09092544089C00A4D5FB /* ProductCardItem.swift */ = {isa = PBXFileReference; lastKnownFileType = sourcecode.swift; path = ProductCardItem.swift; sourceTree = "<group>"; };
		55BA090C254408AD00A4D5FB /* ProductCardPresenter.swift */ = {isa = PBXFileReference; lastKnownFileType = sourcecode.swift; path = ProductCardPresenter.swift; sourceTree = "<group>"; };
		55F0706C25446B4B0028AF44 /* VirtualObjectARView.swift */ = {isa = PBXFileReference; fileEncoding = 4; lastKnownFileType = sourcecode.swift; path = VirtualObjectARView.swift; sourceTree = "<group>"; };
		55F0707025446B850028AF44 /* VirtualObjectLoader.swift */ = {isa = PBXFileReference; fileEncoding = 4; lastKnownFileType = sourcecode.swift; path = VirtualObjectLoader.swift; sourceTree = "<group>"; };
		55F0707125446B850028AF44 /* VirtualObject.swift */ = {isa = PBXFileReference; fileEncoding = 4; lastKnownFileType = sourcecode.swift; path = VirtualObject.swift; sourceTree = "<group>"; };
		55F0707625446BD60028AF44 /* Utilities.swift */ = {isa = PBXFileReference; fileEncoding = 4; lastKnownFileType = sourcecode.swift; path = Utilities.swift; sourceTree = "<group>"; };
		C55246ED9ABFFDBF20680D3E /* Pods-MarsIOS.debug.xcconfig */ = {isa = PBXFileReference; includeInIndex = 1; lastKnownFileType = text.xcconfig; name = "Pods-MarsIOS.debug.xcconfig"; path = "Target Support Files/Pods-MarsIOS/Pods-MarsIOS.debug.xcconfig"; sourceTree = "<group>"; };
		D5FAC93E1C0D0038F6B0D5E7 /* Pods_MarsIOS.framework */ = {isa = PBXFileReference; explicitFileType = wrapper.framework; includeInIndex = 0; path = Pods_MarsIOS.framework; sourceTree = BUILT_PRODUCTS_DIR; };
		F820065D1C47F03D134938C5 /* Pods-MarsIOS.release.xcconfig */ = {isa = PBXFileReference; includeInIndex = 1; lastKnownFileType = text.xcconfig; name = "Pods-MarsIOS.release.xcconfig"; path = "Target Support Files/Pods-MarsIOS/Pods-MarsIOS.release.xcconfig"; sourceTree = "<group>"; };
/* End PBXFileReference section */

/* Begin PBXFrameworksBuildPhase section */
		55B573482543B63E00EE25CB /* Frameworks */ = {
			isa = PBXFrameworksBuildPhase;
			buildActionMask = 2147483647;
			files = (
				6F349572D86469A27ADB293E /* Pods_MarsIOS.framework in Frameworks */,
			);
			runOnlyForDeploymentPostprocessing = 0;
		};
/* End PBXFrameworksBuildPhase section */

/* Begin PBXGroup section */
		0F11DE80F0B98924DC0F86ED /* Frameworks */ = {
			isa = PBXGroup;
			children = (
				D5FAC93E1C0D0038F6B0D5E7 /* Pods_MarsIOS.framework */,
			);
			name = Frameworks;
			sourceTree = "<group>";
		};
		551A68282544310500B6C842 /* AR */ = {
			isa = PBXGroup;
			children = (
				551A683325445C5900B6C842 /* View */,
				551A683225445C5100B6C842 /* Presenter */,
			);
			path = AR;
			sourceTree = "<group>";
		};
		551A683225445C5100B6C842 /* Presenter */ = {
			isa = PBXGroup;
			children = (
				55F0707525446BD60028AF44 /* Utilities */,
				55F0706F25446B850028AF44 /* Virtual Objects */,
			);
			path = Presenter;
			sourceTree = "<group>";
		};
		551A683325445C5900B6C842 /* View */ = {
			isa = PBXGroup;
			children = (
				55F0706C25446B4B0028AF44 /* VirtualObjectARView.swift */,
				55B573502543B63E00EE25CB /* ARViewController.swift */,
			);
			path = View;
			sourceTree = "<group>";
		};
		556BCFD12543BFAF0068AD28 /* Core */ = {
			isa = PBXGroup;
			children = (
				556BCFD52543C1C90068AD28 /* Common */,
				556BCFD72543C1DF0068AD28 /* Gateway */,
			);
			path = Core;
			sourceTree = "<group>";
		};
		556BCFD42543C15F0068AD28 /* Screens */ = {
			isa = PBXGroup;
			children = (
				551A68282544310500B6C842 /* AR */,
				55BA0902254407FC00A4D5FB /* ProductCard */,
				55BA08C12543D48900A4D5FB /* Catalog */,
			);
			path = Screens;
			sourceTree = "<group>";
		};
		556BCFD52543C1C90068AD28 /* Common */ = {
			isa = PBXGroup;
			children = (
				556BCFDB2543C3280068AD28 /* CustomError.swift */,
			);
			path = Common;
			sourceTree = "<group>";
		};
		556BCFD62543C1CE0068AD28 /* Extensions */ = {
			isa = PBXGroup;
			children = (
			);
			path = Extensions;
			sourceTree = "<group>";
		};
		556BCFD72543C1DF0068AD28 /* Gateway */ = {
			isa = PBXGroup;
			children = (
				556BCFD82543C31F0068AD28 /* BaseGateway.swift */,
			);
			path = Gateway;
			sourceTree = "<group>";
		};
		55B573422543B63E00EE25CB = {
			isa = PBXGroup;
			children = (
				55B5734D2543B63E00EE25CB /* MarsIOS */,
				55B5734C2543B63E00EE25CB /* Products */,
				79D6234A1D90B6CBBD3352DA /* Pods */,
				0F11DE80F0B98924DC0F86ED /* Frameworks */,
			);
			sourceTree = "<group>";
		};
		55B5734C2543B63E00EE25CB /* Products */ = {
			isa = PBXGroup;
			children = (
				55B5734B2543B63E00EE25CB /* MarsIOS.app */,
			);
			name = Products;
			sourceTree = "<group>";
		};
		55B5734D2543B63E00EE25CB /* MarsIOS */ = {
			isa = PBXGroup;
			children = (
				556BCFD62543C1CE0068AD28 /* Extensions */,
				556BCFD42543C15F0068AD28 /* Screens */,
				556BCFD12543BFAF0068AD28 /* Core */,
				55B5734E2543B63E00EE25CB /* AppDelegate.swift */,
				55B573522543B63E00EE25CB /* Experience.rcproject */,
				55B573542543B63E00EE25CB /* Main.storyboard */,
				55B573572543B64200EE25CB /* Assets.xcassets */,
				55B573592543B64200EE25CB /* LaunchScreen.storyboard */,
				55B5735C2543B64200EE25CB /* Info.plist */,
				551A682E25445ADC00B6C842 /* Models.scnassets */,
			);
			path = MarsIOS;
			sourceTree = "<group>";
		};
		55BA08C12543D48900A4D5FB /* Catalog */ = {
			isa = PBXGroup;
			children = (
				55BA08C72543D52F00A4D5FB /* Presenter */,
				55BA08C62543D52900A4D5FB /* View */,
			);
			path = Catalog;
			sourceTree = "<group>";
		};
		55BA08C62543D52900A4D5FB /* View */ = {
			isa = PBXGroup;
			children = (
				55BA08C22543D50000A4D5FB /* CatalogViewController.swift */,
				55BA08CF2543D5BD00A4D5FB /* CatalogCollectionViewCell.swift */,
				55BA08D92543E34F00A4D5FB /* CatalogCollectionViewManager.swift */,
			);
			path = View;
			sourceTree = "<group>";
		};
		55BA08C72543D52F00A4D5FB /* Presenter */ = {
			isa = PBXGroup;
			children = (
				55BA08C82543D58100A4D5FB /* ProductItem.swift */,
				55BA08CC2543D59C00A4D5FB /* CatalogPresenter.swift */,
			);
			path = Presenter;
			sourceTree = "<group>";
		};
		55BA0902254407FC00A4D5FB /* ProductCard */ = {
			isa = PBXGroup;
			children = (
				55BA09042544081500A4D5FB /* View */,
				55BA09032544080C00A4D5FB /* Presenter */,
			);
			path = ProductCard;
			sourceTree = "<group>";
		};
		55BA09032544080C00A4D5FB /* Presenter */ = {
			isa = PBXGroup;
			children = (
				55BA09092544089C00A4D5FB /* ProductCardItem.swift */,
				55BA090C254408AD00A4D5FB /* ProductCardPresenter.swift */,
			);
			path = Presenter;
			sourceTree = "<group>";
		};
		55BA09042544081500A4D5FB /* View */ = {
			isa = PBXGroup;
			children = (
				55BA09052544082E00A4D5FB /* ProductCardViewController.swift */,
			);
			path = View;
			sourceTree = "<group>";
		};
		55F0706F25446B850028AF44 /* Virtual Objects */ = {
			isa = PBXGroup;
			children = (
				55F0707025446B850028AF44 /* VirtualObjectLoader.swift */,
				55F0707125446B850028AF44 /* VirtualObject.swift */,
			);
			path = "Virtual Objects";
			sourceTree = "<group>";
		};
		55F0707525446BD60028AF44 /* Utilities */ = {
			isa = PBXGroup;
			children = (
				55F0707625446BD60028AF44 /* Utilities.swift */,
			);
			path = Utilities;
			sourceTree = "<group>";
		};
		79D6234A1D90B6CBBD3352DA /* Pods */ = {
			isa = PBXGroup;
			children = (
				C55246ED9ABFFDBF20680D3E /* Pods-MarsIOS.debug.xcconfig */,
				F820065D1C47F03D134938C5 /* Pods-MarsIOS.release.xcconfig */,
			);
			path = Pods;
			sourceTree = "<group>";
		};
/* End PBXGroup section */

/* Begin PBXNativeTarget section */
		55B5734A2543B63E00EE25CB /* MarsIOS */ = {
			isa = PBXNativeTarget;
			buildConfigurationList = 55B5735F2543B64200EE25CB /* Build configuration list for PBXNativeTarget "MarsIOS" */;
			buildPhases = (
				F8D97B4A5B35728D1D6BC322 /* [CP] Check Pods Manifest.lock */,
				55B573472543B63E00EE25CB /* Sources */,
				55B573482543B63E00EE25CB /* Frameworks */,
				55B573492543B63E00EE25CB /* Resources */,
				66AB45C2AEAF1956D4F2B79E /* [CP] Embed Pods Frameworks */,
			);
			buildRules = (
			);
			dependencies = (
			);
			name = MarsIOS;
			productName = MarsIOS;
			productReference = 55B5734B2543B63E00EE25CB /* MarsIOS.app */;
			productType = "com.apple.product-type.application";
		};
/* End PBXNativeTarget section */

/* Begin PBXProject section */
		55B573432543B63E00EE25CB /* Project object */ = {
			isa = PBXProject;
			attributes = {
				LastSwiftUpdateCheck = 1210;
				LastUpgradeCheck = 1210;
				TargetAttributes = {
					55B5734A2543B63E00EE25CB = {
						CreatedOnToolsVersion = 12.1;
					};
				};
			};
			buildConfigurationList = 55B573462543B63E00EE25CB /* Build configuration list for PBXProject "MarsIOS" */;
			compatibilityVersion = "Xcode 9.3";
			developmentRegion = en;
			hasScannedForEncodings = 0;
			knownRegions = (
				en,
				Base,
			);
			mainGroup = 55B573422543B63E00EE25CB;
			productRefGroup = 55B5734C2543B63E00EE25CB /* Products */;
			projectDirPath = "";
			projectRoot = "";
			targets = (
				55B5734A2543B63E00EE25CB /* MarsIOS */,
			);
		};
/* End PBXProject section */

/* Begin PBXResourcesBuildPhase section */
		55B573492543B63E00EE25CB /* Resources */ = {
			isa = PBXResourcesBuildPhase;
			buildActionMask = 2147483647;
			files = (
				551A682F25445ADC00B6C842 /* Models.scnassets in Resources */,
				55B5735B2543B64200EE25CB /* LaunchScreen.storyboard in Resources */,
				55B573582543B64200EE25CB /* Assets.xcassets in Resources */,
				55B573562543B63E00EE25CB /* Main.storyboard in Resources */,
			);
			runOnlyForDeploymentPostprocessing = 0;
		};
/* End PBXResourcesBuildPhase section */

/* Begin PBXShellScriptBuildPhase section */
		66AB45C2AEAF1956D4F2B79E /* [CP] Embed Pods Frameworks */ = {
			isa = PBXShellScriptBuildPhase;
			buildActionMask = 2147483647;
			files = (
			);
			inputFileListPaths = (
				"${PODS_ROOT}/Target Support Files/Pods-MarsIOS/Pods-MarsIOS-frameworks-${CONFIGURATION}-input-files.xcfilelist",
			);
			name = "[CP] Embed Pods Frameworks";
			outputFileListPaths = (
				"${PODS_ROOT}/Target Support Files/Pods-MarsIOS/Pods-MarsIOS-frameworks-${CONFIGURATION}-output-files.xcfilelist",
			);
			runOnlyForDeploymentPostprocessing = 0;
			shellPath = /bin/sh;
			shellScript = "\"${PODS_ROOT}/Target Support Files/Pods-MarsIOS/Pods-MarsIOS-frameworks.sh\"\n";
			showEnvVarsInLog = 0;
		};
		F8D97B4A5B35728D1D6BC322 /* [CP] Check Pods Manifest.lock */ = {
			isa = PBXShellScriptBuildPhase;
			buildActionMask = 2147483647;
			files = (
			);
			inputFileListPaths = (
			);
			inputPaths = (
				"${PODS_PODFILE_DIR_PATH}/Podfile.lock",
				"${PODS_ROOT}/Manifest.lock",
			);
			name = "[CP] Check Pods Manifest.lock";
			outputFileListPaths = (
			);
			outputPaths = (
				"$(DERIVED_FILE_DIR)/Pods-MarsIOS-checkManifestLockResult.txt",
			);
			runOnlyForDeploymentPostprocessing = 0;
			shellPath = /bin/sh;
			shellScript = "diff \"${PODS_PODFILE_DIR_PATH}/Podfile.lock\" \"${PODS_ROOT}/Manifest.lock\" > /dev/null\nif [ $? != 0 ] ; then\n    # print error to STDERR\n    echo \"error: The sandbox is not in sync with the Podfile.lock. Run 'pod install' or update your CocoaPods installation.\" >&2\n    exit 1\nfi\n# This output is used by Xcode 'outputs' to avoid re-running this script phase.\necho \"SUCCESS\" > \"${SCRIPT_OUTPUT_FILE_0}\"\n";
			showEnvVarsInLog = 0;
		};
/* End PBXShellScriptBuildPhase section */

/* Begin PBXSourcesBuildPhase section */
		55B573472543B63E00EE25CB /* Sources */ = {
			isa = PBXSourcesBuildPhase;
			buildActionMask = 2147483647;
			files = (
				55F0706D25446B4B0028AF44 /* VirtualObjectARView.swift in Sources */,
				55B573512543B63E00EE25CB /* ARViewController.swift in Sources */,
				55F0707225446B850028AF44 /* VirtualObjectLoader.swift in Sources */,
				55BA090D254408AD00A4D5FB /* ProductCardPresenter.swift in Sources */,
				55BA08D02543D5BD00A4D5FB /* CatalogCollectionViewCell.swift in Sources */,
				55BA090A2544089C00A4D5FB /* ProductCardItem.swift in Sources */,
				55BA09062544082E00A4D5FB /* ProductCardViewController.swift in Sources */,
				55BA08C92543D58100A4D5FB /* ProductItem.swift in Sources */,
				556BCFD92543C31F0068AD28 /* BaseGateway.swift in Sources */,
				55B5734F2543B63E00EE25CB /* AppDelegate.swift in Sources */,
				55F0707725446BD60028AF44 /* Utilities.swift in Sources */,
				55BA08CD2543D59C00A4D5FB /* CatalogPresenter.swift in Sources */,
				55BA08DA2543E34F00A4D5FB /* CatalogCollectionViewManager.swift in Sources */,
				55F0707325446B850028AF44 /* VirtualObject.swift in Sources */,
				556BCFDC2543C3280068AD28 /* CustomError.swift in Sources */,
				55BA08C32543D50000A4D5FB /* CatalogViewController.swift in Sources */,
				55B573532543B63E00EE25CB /* Experience.rcproject in Sources */,
			);
			runOnlyForDeploymentPostprocessing = 0;
		};
/* End PBXSourcesBuildPhase section */

/* Begin PBXVariantGroup section */
		55B573542543B63E00EE25CB /* Main.storyboard */ = {
			isa = PBXVariantGroup;
			children = (
				55B573552543B63E00EE25CB /* Base */,
			);
			name = Main.storyboard;
			sourceTree = "<group>";
		};
		55B573592543B64200EE25CB /* LaunchScreen.storyboard */ = {
			isa = PBXVariantGroup;
			children = (
				55B5735A2543B64200EE25CB /* Base */,
			);
			name = LaunchScreen.storyboard;
			sourceTree = "<group>";
		};
/* End PBXVariantGroup section */

/* Begin XCBuildConfiguration section */
		55B5735D2543B64200EE25CB /* Debug */ = {
			isa = XCBuildConfiguration;
			buildSettings = {
				ALWAYS_SEARCH_USER_PATHS = NO;
				CLANG_ANALYZER_NONNULL = YES;
				CLANG_ANALYZER_NUMBER_OBJECT_CONVERSION = YES_AGGRESSIVE;
				CLANG_CXX_LANGUAGE_STANDARD = "gnu++14";
				CLANG_CXX_LIBRARY = "libc++";
				CLANG_ENABLE_MODULES = YES;
				CLANG_ENABLE_OBJC_ARC = YES;
				CLANG_ENABLE_OBJC_WEAK = YES;
				CLANG_WARN_BLOCK_CAPTURE_AUTORELEASING = YES;
				CLANG_WARN_BOOL_CONVERSION = YES;
				CLANG_WARN_COMMA = YES;
				CLANG_WARN_CONSTANT_CONVERSION = YES;
				CLANG_WARN_DEPRECATED_OBJC_IMPLEMENTATIONS = YES;
				CLANG_WARN_DIRECT_OBJC_ISA_USAGE = YES_ERROR;
				CLANG_WARN_DOCUMENTATION_COMMENTS = YES;
				CLANG_WARN_EMPTY_BODY = YES;
				CLANG_WARN_ENUM_CONVERSION = YES;
				CLANG_WARN_INFINITE_RECURSION = YES;
				CLANG_WARN_INT_CONVERSION = YES;
				CLANG_WARN_NON_LITERAL_NULL_CONVERSION = YES;
				CLANG_WARN_OBJC_IMPLICIT_RETAIN_SELF = YES;
				CLANG_WARN_OBJC_LITERAL_CONVERSION = YES;
				CLANG_WARN_OBJC_ROOT_CLASS = YES_ERROR;
				CLANG_WARN_QUOTED_INCLUDE_IN_FRAMEWORK_HEADER = YES;
				CLANG_WARN_RANGE_LOOP_ANALYSIS = YES;
				CLANG_WARN_STRICT_PROTOTYPES = YES;
				CLANG_WARN_SUSPICIOUS_MOVE = YES;
				CLANG_WARN_UNGUARDED_AVAILABILITY = YES_AGGRESSIVE;
				CLANG_WARN_UNREACHABLE_CODE = YES;
				CLANG_WARN__DUPLICATE_METHOD_MATCH = YES;
				COPY_PHASE_STRIP = NO;
				DEBUG_INFORMATION_FORMAT = dwarf;
				ENABLE_STRICT_OBJC_MSGSEND = YES;
				ENABLE_TESTABILITY = YES;
				GCC_C_LANGUAGE_STANDARD = gnu11;
				GCC_DYNAMIC_NO_PIC = NO;
				GCC_NO_COMMON_BLOCKS = YES;
				GCC_OPTIMIZATION_LEVEL = 0;
				GCC_PREPROCESSOR_DEFINITIONS = (
					"DEBUG=1",
					"$(inherited)",
				);
				GCC_WARN_64_TO_32_BIT_CONVERSION = YES;
				GCC_WARN_ABOUT_RETURN_TYPE = YES_ERROR;
				GCC_WARN_UNDECLARED_SELECTOR = YES;
				GCC_WARN_UNINITIALIZED_AUTOS = YES_AGGRESSIVE;
				GCC_WARN_UNUSED_FUNCTION = YES;
				GCC_WARN_UNUSED_VARIABLE = YES;
				IPHONEOS_DEPLOYMENT_TARGET = 14.1;
				MTL_ENABLE_DEBUG_INFO = INCLUDE_SOURCE;
				MTL_FAST_MATH = YES;
				ONLY_ACTIVE_ARCH = YES;
				SDKROOT = iphoneos;
				SWIFT_ACTIVE_COMPILATION_CONDITIONS = DEBUG;
				SWIFT_OPTIMIZATION_LEVEL = "-Onone";
			};
			name = Debug;
		};
		55B5735E2543B64200EE25CB /* Release */ = {
			isa = XCBuildConfiguration;
			buildSettings = {
				ALWAYS_SEARCH_USER_PATHS = NO;
				CLANG_ANALYZER_NONNULL = YES;
				CLANG_ANALYZER_NUMBER_OBJECT_CONVERSION = YES_AGGRESSIVE;
				CLANG_CXX_LANGUAGE_STANDARD = "gnu++14";
				CLANG_CXX_LIBRARY = "libc++";
				CLANG_ENABLE_MODULES = YES;
				CLANG_ENABLE_OBJC_ARC = YES;
				CLANG_ENABLE_OBJC_WEAK = YES;
				CLANG_WARN_BLOCK_CAPTURE_AUTORELEASING = YES;
				CLANG_WARN_BOOL_CONVERSION = YES;
				CLANG_WARN_COMMA = YES;
				CLANG_WARN_CONSTANT_CONVERSION = YES;
				CLANG_WARN_DEPRECATED_OBJC_IMPLEMENTATIONS = YES;
				CLANG_WARN_DIRECT_OBJC_ISA_USAGE = YES_ERROR;
				CLANG_WARN_DOCUMENTATION_COMMENTS = YES;
				CLANG_WARN_EMPTY_BODY = YES;
				CLANG_WARN_ENUM_CONVERSION = YES;
				CLANG_WARN_INFINITE_RECURSION = YES;
				CLANG_WARN_INT_CONVERSION = YES;
				CLANG_WARN_NON_LITERAL_NULL_CONVERSION = YES;
				CLANG_WARN_OBJC_IMPLICIT_RETAIN_SELF = YES;
				CLANG_WARN_OBJC_LITERAL_CONVERSION = YES;
				CLANG_WARN_OBJC_ROOT_CLASS = YES_ERROR;
				CLANG_WARN_QUOTED_INCLUDE_IN_FRAMEWORK_HEADER = YES;
				CLANG_WARN_RANGE_LOOP_ANALYSIS = YES;
				CLANG_WARN_STRICT_PROTOTYPES = YES;
				CLANG_WARN_SUSPICIOUS_MOVE = YES;
				CLANG_WARN_UNGUARDED_AVAILABILITY = YES_AGGRESSIVE;
				CLANG_WARN_UNREACHABLE_CODE = YES;
				CLANG_WARN__DUPLICATE_METHOD_MATCH = YES;
				COPY_PHASE_STRIP = NO;
				DEBUG_INFORMATION_FORMAT = "dwarf-with-dsym";
				ENABLE_NS_ASSERTIONS = NO;
				ENABLE_STRICT_OBJC_MSGSEND = YES;
				GCC_C_LANGUAGE_STANDARD = gnu11;
				GCC_NO_COMMON_BLOCKS = YES;
				GCC_WARN_64_TO_32_BIT_CONVERSION = YES;
				GCC_WARN_ABOUT_RETURN_TYPE = YES_ERROR;
				GCC_WARN_UNDECLARED_SELECTOR = YES;
				GCC_WARN_UNINITIALIZED_AUTOS = YES_AGGRESSIVE;
				GCC_WARN_UNUSED_FUNCTION = YES;
				GCC_WARN_UNUSED_VARIABLE = YES;
				IPHONEOS_DEPLOYMENT_TARGET = 14.1;
				MTL_ENABLE_DEBUG_INFO = NO;
				MTL_FAST_MATH = YES;
				SDKROOT = iphoneos;
				SWIFT_COMPILATION_MODE = wholemodule;
				SWIFT_OPTIMIZATION_LEVEL = "-O";
				VALIDATE_PRODUCT = YES;
			};
			name = Release;
		};
		55B573602543B64200EE25CB /* Debug */ = {
			isa = XCBuildConfiguration;
			baseConfigurationReference = C55246ED9ABFFDBF20680D3E /* Pods-MarsIOS.debug.xcconfig */;
			buildSettings = {
				ASSETCATALOG_COMPILER_APPICON_NAME = AppIcon;
				ASSETCATALOG_COMPILER_GLOBAL_ACCENT_COLOR_NAME = AccentColor;
				CODE_SIGN_STYLE = Automatic;
				DEVELOPMENT_TEAM = 5KZA6U37LX;
				INFOPLIST_FILE = MarsIOS/Info.plist;
				IPHONEOS_DEPLOYMENT_TARGET = 14.0;
				LD_RUNPATH_SEARCH_PATHS = (
					"$(inherited)",
					"@executable_path/Frameworks",
				);
				PRODUCT_BUNDLE_IDENTIFIER = AG.MarsIOS;
				PRODUCT_NAME = "$(TARGET_NAME)";
				SWIFT_VERSION = 5.0;
				TARGETED_DEVICE_FAMILY = 1;
			};
			name = Debug;
		};
		55B573612543B64200EE25CB /* Release */ = {
			isa = XCBuildConfiguration;
			baseConfigurationReference = F820065D1C47F03D134938C5 /* Pods-MarsIOS.release.xcconfig */;
			buildSettings = {
				ASSETCATALOG_COMPILER_APPICON_NAME = AppIcon;
				ASSETCATALOG_COMPILER_GLOBAL_ACCENT_COLOR_NAME = AccentColor;
				CODE_SIGN_STYLE = Automatic;
				DEVELOPMENT_TEAM = 5KZA6U37LX;
				INFOPLIST_FILE = MarsIOS/Info.plist;
				IPHONEOS_DEPLOYMENT_TARGET = 14.0;
				LD_RUNPATH_SEARCH_PATHS = (
					"$(inherited)",
					"@executable_path/Frameworks",
				);
				PRODUCT_BUNDLE_IDENTIFIER = AG.MarsIOS;
				PRODUCT_NAME = "$(TARGET_NAME)";
				SWIFT_VERSION = 5.0;
				TARGETED_DEVICE_FAMILY = 1;
			};
			name = Release;
		};
/* End XCBuildConfiguration section */

/* Begin XCConfigurationList section */
		55B573462543B63E00EE25CB /* Build configuration list for PBXProject "MarsIOS" */ = {
			isa = XCConfigurationList;
			buildConfigurations = (
				55B5735D2543B64200EE25CB /* Debug */,
				55B5735E2543B64200EE25CB /* Release */,
			);
			defaultConfigurationIsVisible = 0;
			defaultConfigurationName = Release;
		};
		55B5735F2543B64200EE25CB /* Build configuration list for PBXNativeTarget "MarsIOS" */ = {
			isa = XCConfigurationList;
			buildConfigurations = (
				55B573602543B64200EE25CB /* Debug */,
				55B573612543B64200EE25CB /* Release */,
			);
			defaultConfigurationIsVisible = 0;
			defaultConfigurationName = Release;
		};
/* End XCConfigurationList section */
	};
	rootObject = 55B573432543B63E00EE25CB /* Project object */;
}
