
Microsoft Visual Studio Solution File, Format Version 12.00
# Visual Studio Version 16
VisualStudioVersion = 16.0.30611.23
MinimumVisualStudioVersion = 10.0.40219.1
Project("{FAE04EC0-301F-11D3-BF4B-00C04F79EFBC}") = "Dns.СozyHome", "Dns.СozyHome\Dns.СozyHome.csproj", "{0057574B-FDA0-4E6A-893B-2C6821726FFF}"
EndProject
Project("{FAE04EC0-301F-11D3-BF4B-00C04F79EFBC}") = "Repository", "Repository\Repository.csproj", "{2310D71D-566E-49AD-9273-5221D3D839ED}"
EndProject
Global
	GlobalSection(SolutionConfigurationPlatforms) = preSolution
		Debug|Any CPU = Debug|Any CPU
		Release|Any CPU = Release|Any CPU
	EndGlobalSection
	GlobalSection(ProjectConfigurationPlatforms) = postSolution
		{0057574B-FDA0-4E6A-893B-2C6821726FFF}.Debug|Any CPU.ActiveCfg = Debug|Any CPU
		{0057574B-FDA0-4E6A-893B-2C6821726FFF}.Debug|Any CPU.Build.0 = Debug|Any CPU
		{0057574B-FDA0-4E6A-893B-2C6821726FFF}.Release|Any CPU.ActiveCfg = Release|Any CPU
		{0057574B-FDA0-4E6A-893B-2C6821726FFF}.Release|Any CPU.Build.0 = Release|Any CPU
		{2310D71D-566E-49AD-9273-5221D3D839ED}.Debug|Any CPU.ActiveCfg = Debug|Any CPU
		{2310D71D-566E-49AD-9273-5221D3D839ED}.Debug|Any CPU.Build.0 = Debug|Any CPU
		{2310D71D-566E-49AD-9273-5221D3D839ED}.Release|Any CPU.ActiveCfg = Release|Any CPU
		{2310D71D-566E-49AD-9273-5221D3D839ED}.Release|Any CPU.Build.0 = Release|Any CPU
	EndGlobalSection
	GlobalSection(SolutionProperties) = preSolution
		HideSolutionNode = FALSE
	EndGlobalSection
	GlobalSection(ExtensibilityGlobals) = postSolution
		SolutionGuid = {F1C0D208-713D-4AC2-B57F-BD04F8CF5AF0}
	EndGlobalSection
EndGlobal
